
Microsoft Visual Studio Solution File, Format Version 12.00
# Visual Studio Version 17
VisualStudioVersion = 17.11.35303.130
MinimumVisualStudioVersion = 10.0.40219.1
Project("{FAE04EC0-301F-11D3-BF4B-00C04F79EFBC}") = "Croppilot.API", "Croppilot.API\Croppilot.API.csproj", "{F1755221-50F2-493B-93BA-8D64E705F228}"
EndProject
Project("{FAE04EC0-301F-11D3-BF4B-00C04F79EFBC}") = "Croppilot.Core", "Croppilot.Core\Croppilot.Core.csproj", "{04AC17D7-A8FE-4BC5-A4BA-A0B9D4382E9A}"
EndProject
Project("{FAE04EC0-301F-11D3-BF4B-00C04F79EFBC}") = "Croppilot.Date", "Croppilot.Date\Croppilot.Date.csproj", "{B874749F-DF2F-4300-9A48-54C9122C5642}"
EndProject
Global
	GlobalSection(SolutionConfigurationPlatforms) = preSolution
		Debug|Any CPU = Debug|Any CPU
		Release|Any CPU = Release|Any CPU
	EndGlobalSection
	GlobalSection(ProjectConfigurationPlatforms) = postSolution
		{F1755221-50F2-493B-93BA-8D64E705F228}.Debug|Any CPU.ActiveCfg = Debug|Any CPU
		{F1755221-50F2-493B-93BA-8D64E705F228}.Debug|Any CPU.Build.0 = Debug|Any CPU
		{F1755221-50F2-493B-93BA-8D64E705F228}.Release|Any CPU.ActiveCfg = Release|Any CPU
		{F1755221-50F2-493B-93BA-8D64E705F228}.Release|Any CPU.Build.0 = Release|Any CPU
		{04AC17D7-A8FE-4BC5-A4BA-A0B9D4382E9A}.Debug|Any CPU.ActiveCfg = Debug|Any CPU
		{04AC17D7-A8FE-4BC5-A4BA-A0B9D4382E9A}.Debug|Any CPU.Build.0 = Debug|Any CPU
		{04AC17D7-A8FE-4BC5-A4BA-A0B9D4382E9A}.Release|Any CPU.ActiveCfg = Release|Any CPU
		{04AC17D7-A8FE-4BC5-A4BA-A0B9D4382E9A}.Release|Any CPU.Build.0 = Release|Any CPU
		{B874749F-DF2F-4300-9A48-54C9122C5642}.Debug|Any CPU.ActiveCfg = Debug|Any CPU
		{B874749F-DF2F-4300-9A48-54C9122C5642}.Debug|Any CPU.Build.0 = Debug|Any CPU
		{B874749F-DF2F-4300-9A48-54C9122C5642}.Release|Any CPU.ActiveCfg = Release|Any CPU
		{B874749F-DF2F-4300-9A48-54C9122C5642}.Release|Any CPU.Build.0 = Release|Any CPU
	EndGlobalSection
	GlobalSection(SolutionProperties) = preSolution
		HideSolutionNode = FALSE
	EndGlobalSection
	GlobalSection(ExtensibilityGlobals) = postSolution
		SolutionGuid = {58B28290-F4D4-4B76-AB35-0DBD497B70E6}
	EndGlobalSection
EndGlobal
